// !$*UTF8*$!
{
	archiveVersion = 1;
	classes = {
	};
	objectVersion = 46;
	objects = {

/* Begin PBXBuildFile section */
		06536931202320C100F65305 /* AnimationDelegate.swift in Sources */ = {isa = PBXBuildFile; fileRef = 06536930202320C100F65305 /* AnimationDelegate.swift */; };
		0696270D1FD188A50098494A /* Command.swift in Sources */ = {isa = PBXBuildFile; fileRef = 0696270C1FD188A50098494A /* Command.swift */; };
		06EE6C8F21CAB688005A8329 /* LoadingImageView.swift in Sources */ = {isa = PBXBuildFile; fileRef = 06EE6C8E21CAB688005A8329 /* LoadingImageView.swift */; };
		4222DD61204F0F180008E763 /* Props+Autogeneratable.swift in Sources */ = {isa = PBXBuildFile; fileRef = 4222DD60204F0F180008E763 /* Props+Autogeneratable.swift */; };
		427DA9131FFBA1E700698438 /* Defaultable.swift in Sources */ = {isa = PBXBuildFile; fileRef = 427DA9121FFBA1E700698438 /* Defaultable.swift */; };
		429C3D341FFBA54200B72272 /* Color.swift in Sources */ = {isa = PBXBuildFile; fileRef = 429C3D331FFBA54200B72272 /* Color.swift */; };
		50582F6C1E65C64B00B18908 /* ContentControlsUIProps.swift in Sources */ = {isa = PBXBuildFile; fileRef = 50582F671E65C64B00B18908 /* ContentControlsUIProps.swift */; };
		50582F6E1E65C64B00B18908 /* ContentControlsViewController.swift in Sources */ = {isa = PBXBuildFile; fileRef = 50582F691E65C64B00B18908 /* ContentControlsViewController.swift */; };
		50582F6F1E65C64B00B18908 /* DefaultControlsViewController.swift in Sources */ = {isa = PBXBuildFile; fileRef = 50582F6A1E65C64B00B18908 /* DefaultControlsViewController.swift */; };
		50582F701E65C64B00B18908 /* DefaultControlsViewController.xib in Resources */ = {isa = PBXBuildFile; fileRef = 50582F6B1E65C64B00B18908 /* DefaultControlsViewController.xib */; };
		50582F741E65C79D00B18908 /* Utils.swift in Sources */ = {isa = PBXBuildFile; fileRef = 50582F731E65C79D00B18908 /* Utils.swift */; };
		50582F771E65C8CC00B18908 /* SideBarView.swift in Sources */ = {isa = PBXBuildFile; fileRef = 50582F751E65C8CC00B18908 /* SideBarView.swift */; };
		50582F7B1E65C93400B18908 /* SeekerControlPlayground.xib in Resources */ = {isa = PBXBuildFile; fileRef = 50582F791E65C93400B18908 /* SeekerControlPlayground.xib */; };
		50582F7C1E65C93400B18908 /* SeekerControlView.swift in Sources */ = {isa = PBXBuildFile; fileRef = 50582F7A1E65C93400B18908 /* SeekerControlView.swift */; };
		50582F7E1E65C96100B18908 /* SeekGestureRecognizer.swift in Sources */ = {isa = PBXBuildFile; fileRef = 50582F7D1E65C96100B18908 /* SeekGestureRecognizer.swift */; };
		50582F811E65CA0F00B18908 /* AdVideoControls.swift in Sources */ = {isa = PBXBuildFile; fileRef = 50582F7F1E65CA0F00B18908 /* AdVideoControls.swift */; };
		50582F821E65CA0F00B18908 /* AdVideoControls.xib in Resources */ = {isa = PBXBuildFile; fileRef = 50582F801E65CA0F00B18908 /* AdVideoControls.xib */; };
		50582F861E65CA5F00B18908 /* TimeFormatter.swift in Sources */ = {isa = PBXBuildFile; fileRef = 50582F841E65CA5F00B18908 /* TimeFormatter.swift */; };
		50582F8A1E65CBE600B18908 /* ControlsVisibilityController.swift in Sources */ = {isa = PBXBuildFile; fileRef = 50582F871E65CBE600B18908 /* ControlsVisibilityController.swift */; };
		50582F8C1E65CBE600B18908 /* Timer.swift in Sources */ = {isa = PBXBuildFile; fileRef = 50582F891E65CBE600B18908 /* Timer.swift */; };
		50582F971E65D1BA00B18908 /* PlayerControls.h in Headers */ = {isa = PBXBuildFile; fileRef = 50582F961E65D1BA00B18908 /* PlayerControls.h */; settings = {ATTRIBUTES = (Public, ); }; };
		50582FA31E65D78C00B18908 /* PlayerControls.framework in Frameworks */ = {isa = PBXBuildFile; fileRef = 50582F5B1E65C41900B18908 /* PlayerControls.framework */; };
		50582FA91E65DC1600B18908 /* ControlsVisibilityControllerTests.swift in Sources */ = {isa = PBXBuildFile; fileRef = 50582F881E65CBE600B18908 /* ControlsVisibilityControllerTests.swift */; };
		50582FAA1E65DC1600B18908 /* FormatterTests.swift in Sources */ = {isa = PBXBuildFile; fileRef = 50582F831E65CA5F00B18908 /* FormatterTests.swift */; };
		50582FAB1E65DC1600B18908 /* SideBarViewTests.swift in Sources */ = {isa = PBXBuildFile; fileRef = 50582F761E65C8CC00B18908 /* SideBarViewTests.swift */; };
		50582FB21E65DEF800B18908 /* Recorder.swift in Sources */ = {isa = PBXBuildFile; fileRef = 50582FB11E65DEF800B18908 /* Recorder.swift */; };
		50A5A5B51E6F13A900C15E12 /* PlayerUIControls.xcassets in Resources */ = {isa = PBXBuildFile; fileRef = 50A5A5B41E6F13A900C15E12 /* PlayerUIControls.xcassets */; };
		50F471351F5958E900C35AEF /* SettingsViewController.swift in Sources */ = {isa = PBXBuildFile; fileRef = 50F471341F5958E900C35AEF /* SettingsViewController.swift */; };
		50F471371F59590B00C35AEF /* SettingsViewController.xib in Resources */ = {isa = PBXBuildFile; fileRef = 50F471361F59590B00C35AEF /* SettingsViewController.xib */; };
		50F4713B1F5980A000C35AEF /* SettingCell.swift in Sources */ = {isa = PBXBuildFile; fileRef = 50F4713A1F5980A000C35AEF /* SettingCell.swift */; };
		50F4713D1F5981E800C35AEF /* SettingCell.xib in Resources */ = {isa = PBXBuildFile; fileRef = 50F4713C1F5981E800C35AEF /* SettingCell.xib */; };
		50F471591F5D763500C35AEF /* SettingHeaderView.swift in Sources */ = {isa = PBXBuildFile; fileRef = 50F471581F5D763500C35AEF /* SettingHeaderView.swift */; };
		50F4715B1F5D764700C35AEF /* SettingHeaderView.xib in Resources */ = {isa = PBXBuildFile; fileRef = 50F4715A1F5D764700C35AEF /* SettingHeaderView.xib */; };
		A66D2361206E85DE00566149 /* Autogeneratable.swift in Sources */ = {isa = PBXBuildFile; fileRef = A66D2360206E85DE00566149 /* Autogeneratable.swift */; };
		A66D238D2072064700566149 /* EnumPrism.stencil in Sources */ = {isa = PBXBuildFile; fileRef = A66D238B2072064700566149 /* EnumPrism.stencil */; };
		A66D238E2072064700566149 /* Codable.stencil in Sources */ = {isa = PBXBuildFile; fileRef = A66D238C2072064700566149 /* Codable.stencil */; };
		DA036B621FB20A5900BD0728 /* AirPlayActiveView.xib in Resources */ = {isa = PBXBuildFile; fileRef = DA036B611FB20A5900BD0728 /* AirPlayActiveView.xib */; };
		DA036B641FB20BBB00BD0728 /* AirPlayActiveView.swift in Sources */ = {isa = PBXBuildFile; fileRef = DA036B631FB20BBB00BD0728 /* AirPlayActiveView.swift */; };
		DA070BB11F8B776A007F407D /* AirPlayView.swift in Sources */ = {isa = PBXBuildFile; fileRef = DA070BB01F8B776A007F407D /* AirPlayView.swift */; };
/* End PBXBuildFile section */

/* Begin PBXBuildRule section */
		DACA28EE1F504371001CF764 /* PBXBuildRule */ = {
			isa = PBXBuildRule;
			compilerSpec = com.apple.compilers.proxy.script;
			filePatterns = "*.stencil";
			fileType = pattern.proxy;
			isEditable = 1;
			outputFiles = (
				"$(SRCROOT)/sources/$(INPUT_FILE_BASE)_${TARGET_NAME}.generated.swift",
			);
			script = "sh build_scripts/code_generation/stencil_build_rule.sh sources build_scripts/code_generation sources/${INPUT_FILE_BASE}_${TARGET_NAME}.generated.swift\n";
		};
/* End PBXBuildRule section */

/* Begin PBXContainerItemProxy section */
		50582FA41E65D78C00B18908 /* PBXContainerItemProxy */ = {
			isa = PBXContainerItemProxy;
			containerPortal = 50582F521E65C41900B18908 /* Project object */;
			proxyType = 1;
			remoteGlobalIDString = 50582F5A1E65C41900B18908;
			remoteInfo = PlayerControls;
		};
/* End PBXContainerItemProxy section */

/* Begin PBXFileReference section */
		06536930202320C100F65305 /* AnimationDelegate.swift */ = {isa = PBXFileReference; lastKnownFileType = sourcecode.swift; path = AnimationDelegate.swift; sourceTree = "<group>"; };
		0696270C1FD188A50098494A /* Command.swift */ = {isa = PBXFileReference; lastKnownFileType = sourcecode.swift; path = Command.swift; sourceTree = "<group>"; };
		06EE6C8E21CAB688005A8329 /* LoadingImageView.swift */ = {isa = PBXFileReference; lastKnownFileType = sourcecode.swift; path = LoadingImageView.swift; sourceTree = "<group>"; };
		4222DD60204F0F180008E763 /* Props+Autogeneratable.swift */ = {isa = PBXFileReference; lastKnownFileType = sourcecode.swift; path = "Props+Autogeneratable.swift"; sourceTree = "<group>"; };
		427DA9121FFBA1E700698438 /* Defaultable.swift */ = {isa = PBXFileReference; fileEncoding = 4; lastKnownFileType = sourcecode.swift; path = Defaultable.swift; sourceTree = "<group>"; };
		429C3D331FFBA54200B72272 /* Color.swift */ = {isa = PBXFileReference; fileEncoding = 4; lastKnownFileType = sourcecode.swift; path = Color.swift; sourceTree = "<group>"; };
		50582F5B1E65C41900B18908 /* PlayerControls.framework */ = {isa = PBXFileReference; explicitFileType = wrapper.framework; includeInIndex = 0; path = PlayerControls.framework; sourceTree = BUILT_PRODUCTS_DIR; };
		50582F5F1E65C41900B18908 /* Info.plist */ = {isa = PBXFileReference; lastKnownFileType = text.plist; path = Info.plist; sourceTree = "<group>"; };
		50582F671E65C64B00B18908 /* ContentControlsUIProps.swift */ = {isa = PBXFileReference; fileEncoding = 4; lastKnownFileType = sourcecode.swift; path = ContentControlsUIProps.swift; sourceTree = "<group>"; };
		50582F691E65C64B00B18908 /* ContentControlsViewController.swift */ = {isa = PBXFileReference; fileEncoding = 4; lastKnownFileType = sourcecode.swift; path = ContentControlsViewController.swift; sourceTree = "<group>"; };
		50582F6A1E65C64B00B18908 /* DefaultControlsViewController.swift */ = {isa = PBXFileReference; fileEncoding = 4; lastKnownFileType = sourcecode.swift; path = DefaultControlsViewController.swift; sourceTree = "<group>"; };
		50582F6B1E65C64B00B18908 /* DefaultControlsViewController.xib */ = {isa = PBXFileReference; fileEncoding = 4; lastKnownFileType = file.xib; name = DefaultControlsViewController.xib; path = ../resources/DefaultControlsViewController.xib; sourceTree = "<group>"; };
		50582F731E65C79D00B18908 /* Utils.swift */ = {isa = PBXFileReference; fileEncoding = 4; lastKnownFileType = sourcecode.swift; path = Utils.swift; sourceTree = "<group>"; };
		50582F751E65C8CC00B18908 /* SideBarView.swift */ = {isa = PBXFileReference; fileEncoding = 4; lastKnownFileType = sourcecode.swift; path = SideBarView.swift; sourceTree = "<group>"; };
		50582F761E65C8CC00B18908 /* SideBarViewTests.swift */ = {isa = PBXFileReference; fileEncoding = 4; lastKnownFileType = sourcecode.swift; name = SideBarViewTests.swift; path = ../tests/SideBarViewTests.swift; sourceTree = "<group>"; };
		50582F791E65C93400B18908 /* SeekerControlPlayground.xib */ = {isa = PBXFileReference; fileEncoding = 4; lastKnownFileType = file.xib; name = SeekerControlPlayground.xib; path = ../resources/SeekerControlPlayground.xib; sourceTree = "<group>"; };
		50582F7A1E65C93400B18908 /* SeekerControlView.swift */ = {isa = PBXFileReference; fileEncoding = 4; lastKnownFileType = sourcecode.swift; path = SeekerControlView.swift; sourceTree = "<group>"; };
		50582F7D1E65C96100B18908 /* SeekGestureRecognizer.swift */ = {isa = PBXFileReference; fileEncoding = 4; lastKnownFileType = sourcecode.swift; path = SeekGestureRecognizer.swift; sourceTree = "<group>"; };
		50582F7F1E65CA0F00B18908 /* AdVideoControls.swift */ = {isa = PBXFileReference; fileEncoding = 4; lastKnownFileType = sourcecode.swift; path = AdVideoControls.swift; sourceTree = "<group>"; };
		50582F801E65CA0F00B18908 /* AdVideoControls.xib */ = {isa = PBXFileReference; fileEncoding = 4; lastKnownFileType = file.xib; name = AdVideoControls.xib; path = ../resources/AdVideoControls.xib; sourceTree = "<group>"; };
		50582F831E65CA5F00B18908 /* FormatterTests.swift */ = {isa = PBXFileReference; fileEncoding = 4; lastKnownFileType = sourcecode.swift; name = FormatterTests.swift; path = ../tests/FormatterTests.swift; sourceTree = "<group>"; };
		50582F841E65CA5F00B18908 /* TimeFormatter.swift */ = {isa = PBXFileReference; fileEncoding = 4; lastKnownFileType = sourcecode.swift; path = TimeFormatter.swift; sourceTree = "<group>"; };
		50582F871E65CBE600B18908 /* ControlsVisibilityController.swift */ = {isa = PBXFileReference; fileEncoding = 4; lastKnownFileType = sourcecode.swift; path = ControlsVisibilityController.swift; sourceTree = "<group>"; };
		50582F881E65CBE600B18908 /* ControlsVisibilityControllerTests.swift */ = {isa = PBXFileReference; fileEncoding = 4; lastKnownFileType = sourcecode.swift; name = ControlsVisibilityControllerTests.swift; path = ../tests/ControlsVisibilityControllerTests.swift; sourceTree = "<group>"; };
		50582F891E65CBE600B18908 /* Timer.swift */ = {isa = PBXFileReference; fileEncoding = 4; lastKnownFileType = sourcecode.swift; path = Timer.swift; sourceTree = "<group>"; };
		50582F961E65D1BA00B18908 /* PlayerControls.h */ = {isa = PBXFileReference; fileEncoding = 4; lastKnownFileType = sourcecode.c.h; path = PlayerControls.h; sourceTree = SOURCE_ROOT; };
		50582F9E1E65D78C00B18908 /* PlayerControlsTests.xctest */ = {isa = PBXFileReference; explicitFileType = wrapper.cfbundle; includeInIndex = 0; path = PlayerControlsTests.xctest; sourceTree = BUILT_PRODUCTS_DIR; };
		50582FA21E65D78C00B18908 /* Info.plist */ = {isa = PBXFileReference; lastKnownFileType = text.plist.xml; name = Info.plist; path = tests/Info.plist; sourceTree = SOURCE_ROOT; };
		50582FB11E65DEF800B18908 /* Recorder.swift */ = {isa = PBXFileReference; fileEncoding = 4; lastKnownFileType = sourcecode.swift; name = Recorder.swift; path = tests/Recorder.swift; sourceTree = SOURCE_ROOT; };
		50A5A5B41E6F13A900C15E12 /* PlayerUIControls.xcassets */ = {isa = PBXFileReference; lastKnownFileType = folder.assetcatalog; name = PlayerUIControls.xcassets; path = resources/PlayerUIControls.xcassets; sourceTree = SOURCE_ROOT; };
		50F471341F5958E900C35AEF /* SettingsViewController.swift */ = {isa = PBXFileReference; fileEncoding = 4; lastKnownFileType = sourcecode.swift; path = SettingsViewController.swift; sourceTree = "<group>"; };
		50F471361F59590B00C35AEF /* SettingsViewController.xib */ = {isa = PBXFileReference; fileEncoding = 4; lastKnownFileType = file.xib; name = SettingsViewController.xib; path = resources/SettingsViewController.xib; sourceTree = SOURCE_ROOT; };
		50F4713A1F5980A000C35AEF /* SettingCell.swift */ = {isa = PBXFileReference; fileEncoding = 4; lastKnownFileType = sourcecode.swift; path = SettingCell.swift; sourceTree = "<group>"; };
		50F4713C1F5981E800C35AEF /* SettingCell.xib */ = {isa = PBXFileReference; fileEncoding = 4; lastKnownFileType = file.xib; name = SettingCell.xib; path = resources/SettingCell.xib; sourceTree = SOURCE_ROOT; };
		50F471581F5D763500C35AEF /* SettingHeaderView.swift */ = {isa = PBXFileReference; fileEncoding = 4; lastKnownFileType = sourcecode.swift; path = SettingHeaderView.swift; sourceTree = "<group>"; };
		50F4715A1F5D764700C35AEF /* SettingHeaderView.xib */ = {isa = PBXFileReference; fileEncoding = 4; lastKnownFileType = file.xib; name = SettingHeaderView.xib; path = resources/SettingHeaderView.xib; sourceTree = SOURCE_ROOT; };
		A66D2360206E85DE00566149 /* Autogeneratable.swift */ = {isa = PBXFileReference; fileEncoding = 4; lastKnownFileType = sourcecode.swift; name = Autogeneratable.swift; path = build_scripts/code_generation/Autogeneratable.swift; sourceTree = SOURCE_ROOT; };
		A66D238B2072064700566149 /* EnumPrism.stencil */ = {isa = PBXFileReference; fileEncoding = 4; lastKnownFileType = text; name = EnumPrism.stencil; path = build_scripts/code_generation/EnumPrism.stencil; sourceTree = SOURCE_ROOT; };
		A66D238C2072064700566149 /* Codable.stencil */ = {isa = PBXFileReference; fileEncoding = 4; lastKnownFileType = text; name = Codable.stencil; path = build_scripts/code_generation/Codable.stencil; sourceTree = SOURCE_ROOT; };
		DA036B611FB20A5900BD0728 /* AirPlayActiveView.xib */ = {isa = PBXFileReference; lastKnownFileType = file.xib; name = AirPlayActiveView.xib; path = resources/AirPlayActiveView.xib; sourceTree = SOURCE_ROOT; };
		DA036B631FB20BBB00BD0728 /* AirPlayActiveView.swift */ = {isa = PBXFileReference; lastKnownFileType = sourcecode.swift; path = AirPlayActiveView.swift; sourceTree = "<group>"; };
		DA070BB01F8B776A007F407D /* AirPlayView.swift */ = {isa = PBXFileReference; lastKnownFileType = sourcecode.swift; path = AirPlayView.swift; sourceTree = "<group>"; };
/* End PBXFileReference section */

/* Begin PBXFrameworksBuildPhase section */
		50582F571E65C41900B18908 /* Frameworks */ = {
			isa = PBXFrameworksBuildPhase;
			buildActionMask = 2147483647;
			files = (
			);
			runOnlyForDeploymentPostprocessing = 0;
		};
		50582F9B1E65D78C00B18908 /* Frameworks */ = {
			isa = PBXFrameworksBuildPhase;
			buildActionMask = 2147483647;
			files = (
				50582FA31E65D78C00B18908 /* PlayerControls.framework in Frameworks */,
			);
			runOnlyForDeploymentPostprocessing = 0;
		};
/* End PBXFrameworksBuildPhase section */

/* Begin PBXGroup section */
		0653692F2023207200F65305 /* animations */ = {
			isa = PBXGroup;
			children = (
				06536930202320C100F65305 /* AnimationDelegate.swift */,
			);
			name = animations;
			sourceTree = "<group>";
		};
		06EE6C8B21CAB658005A8329 /* loading image */ = {
			isa = PBXGroup;
			children = (
				06EE6C8E21CAB688005A8329 /* LoadingImageView.swift */,
			);
			path = "loading image";
			sourceTree = "<group>";
		};
		50582F511E65C41900B18908 = {
			isa = PBXGroup;
			children = (
				50582F5D1E65C41900B18908 /* PlayerControls */,
				50582F5C1E65C41900B18908 /* Products */,
				50582FAC1E65DDBA00B18908 /* Frameworks */,
			);
			sourceTree = "<group>";
		};
		50582F5C1E65C41900B18908 /* Products */ = {
			isa = PBXGroup;
			children = (
				50582F5B1E65C41900B18908 /* PlayerControls.framework */,
				50582F9E1E65D78C00B18908 /* PlayerControlsTests.xctest */,
			);
			name = Products;
			sourceTree = "<group>";
		};
		50582F5D1E65C41900B18908 /* PlayerControls */ = {
			isa = PBXGroup;
			children = (
				A66D2366206E870D00566149 /* templates */,
				50A5A5B61E6F13B300C15E12 /* resources */,
				50582F661E65C64B00B18908 /* sources */,
				50582F991E65D55F00B18908 /* support */,
			);
			name = PlayerControls;
			sourceTree = "<group>";
		};
		50582F661E65C64B00B18908 /* sources */ = {
			isa = PBXGroup;
			children = (
				06EE6C8B21CAB658005A8329 /* loading image */,
				50582FB31E65E5B900B18908 /* utils */,
				50582F8E1E65CD5300B18908 /* visibility controller */,
				50582F8D1E65CD4100B18908 /* time formatter */,
				50582F8F1E65CD6700B18908 /* ad controls */,
				50582F901E65CD7300B18908 /* content controls */,
			);
			path = sources;
			sourceTree = SOURCE_ROOT;
		};
		50582F8D1E65CD4100B18908 /* time formatter */ = {
			isa = PBXGroup;
			children = (
				50582F841E65CA5F00B18908 /* TimeFormatter.swift */,
				50582F831E65CA5F00B18908 /* FormatterTests.swift */,
			);
			name = "time formatter";
			sourceTree = "<group>";
		};
		50582F8E1E65CD5300B18908 /* visibility controller */ = {
			isa = PBXGroup;
			children = (
				50582F871E65CBE600B18908 /* ControlsVisibilityController.swift */,
				50582F881E65CBE600B18908 /* ControlsVisibilityControllerTests.swift */,
				50582F891E65CBE600B18908 /* Timer.swift */,
			);
			name = "visibility controller";
			sourceTree = "<group>";
		};
		50582F8F1E65CD6700B18908 /* ad controls */ = {
			isa = PBXGroup;
			children = (
				DA15DA621FB5C9F4002CA6B9 /* airplay */,
				50582F7F1E65CA0F00B18908 /* AdVideoControls.swift */,
				50582F801E65CA0F00B18908 /* AdVideoControls.xib */,
			);
			name = "ad controls";
			sourceTree = "<group>";
		};
		50582F901E65CD7300B18908 /* content controls */ = {
			isa = PBXGroup;
			children = (
				DA070BAF1F8B76B9007F407D /* airplay */,
				0653692F2023207200F65305 /* animations */,
				50F471331F5958D300C35AEF /* settings */,
				50582F931E65CD8D00B18908 /* seeker control view */,
				50582F921E65CD8500B18908 /* side bar */,
				50582F671E65C64B00B18908 /* ContentControlsUIProps.swift */,
				50582F691E65C64B00B18908 /* ContentControlsViewController.swift */,
				50582F911E65CD7B00B18908 /* default */,
			);
			name = "content controls";
			sourceTree = "<group>";
		};
		50582F911E65CD7B00B18908 /* default */ = {
			isa = PBXGroup;
			children = (
				50582F6A1E65C64B00B18908 /* DefaultControlsViewController.swift */,
				50582F6B1E65C64B00B18908 /* DefaultControlsViewController.xib */,
			);
			name = default;
			sourceTree = "<group>";
		};
		50582F921E65CD8500B18908 /* side bar */ = {
			isa = PBXGroup;
			children = (
				50582F751E65C8CC00B18908 /* SideBarView.swift */,
				50582F761E65C8CC00B18908 /* SideBarViewTests.swift */,
			);
			name = "side bar";
			sourceTree = "<group>";
		};
		50582F931E65CD8D00B18908 /* seeker control view */ = {
			isa = PBXGroup;
			children = (
				50582F7D1E65C96100B18908 /* SeekGestureRecognizer.swift */,
				50582F7A1E65C93400B18908 /* SeekerControlView.swift */,
				50582F791E65C93400B18908 /* SeekerControlPlayground.xib */,
			);
			name = "seeker control view";
			sourceTree = "<group>";
		};
		50582F991E65D55F00B18908 /* support */ = {
			isa = PBXGroup;
			children = (
				50582FA21E65D78C00B18908 /* Info.plist */,
				50582F5F1E65C41900B18908 /* Info.plist */,
				50582F961E65D1BA00B18908 /* PlayerControls.h */,
			);
			name = support;
			sourceTree = "<group>";
		};
		50582FAC1E65DDBA00B18908 /* Frameworks */ = {
			isa = PBXGroup;
			children = (
			);
			name = Frameworks;
			sourceTree = "<group>";
		};
		50582FB31E65E5B900B18908 /* utils */ = {
			isa = PBXGroup;
			children = (
				A66D2360206E85DE00566149 /* Autogeneratable.swift */,
				429C3D331FFBA54200B72272 /* Color.swift */,
				427DA9121FFBA1E700698438 /* Defaultable.swift */,
				50582F731E65C79D00B18908 /* Utils.swift */,
				0696270C1FD188A50098494A /* Command.swift */,
				50582FB11E65DEF800B18908 /* Recorder.swift */,
				4222DD60204F0F180008E763 /* Props+Autogeneratable.swift */,
			);
			name = utils;
			sourceTree = "<group>";
		};
		50A5A5B61E6F13B300C15E12 /* resources */ = {
			isa = PBXGroup;
			children = (
				50A5A5B41E6F13A900C15E12 /* PlayerUIControls.xcassets */,
			);
			name = resources;
			sourceTree = "<group>";
		};
		50F471331F5958D300C35AEF /* settings */ = {
			isa = PBXGroup;
			children = (
				50F471341F5958E900C35AEF /* SettingsViewController.swift */,
				50F471361F59590B00C35AEF /* SettingsViewController.xib */,
				50F471581F5D763500C35AEF /* SettingHeaderView.swift */,
				50F4715A1F5D764700C35AEF /* SettingHeaderView.xib */,
				50F4713A1F5980A000C35AEF /* SettingCell.swift */,
				50F4713C1F5981E800C35AEF /* SettingCell.xib */,
			);
			name = settings;
			sourceTree = "<group>";
		};
		A66D2366206E870D00566149 /* templates */ = {
			isa = PBXGroup;
			children = (
				A66D238C2072064700566149 /* Codable.stencil */,
				A66D238B2072064700566149 /* EnumPrism.stencil */,
			);
			name = templates;
			path = build_scripts;
			sourceTree = "<group>";
		};
		DA070BAF1F8B76B9007F407D /* airplay */ = {
			isa = PBXGroup;
			children = (
				DA070BB01F8B776A007F407D /* AirPlayView.swift */,
			);
			name = airplay;
			sourceTree = "<group>";
		};
		DA15DA621FB5C9F4002CA6B9 /* airplay */ = {
			isa = PBXGroup;
			children = (
				DA036B631FB20BBB00BD0728 /* AirPlayActiveView.swift */,
				DA036B611FB20A5900BD0728 /* AirPlayActiveView.xib */,
			);
			name = airplay;
			sourceTree = "<group>";
		};
/* End PBXGroup section */

/* Begin PBXHeadersBuildPhase section */
		50582F581E65C41900B18908 /* Headers */ = {
			isa = PBXHeadersBuildPhase;
			buildActionMask = 2147483647;
			files = (
				50582F971E65D1BA00B18908 /* PlayerControls.h in Headers */,
			);
			runOnlyForDeploymentPostprocessing = 0;
		};
/* End PBXHeadersBuildPhase section */

/* Begin PBXNativeTarget section */
		50582F5A1E65C41900B18908 /* PlayerControls */ = {
			isa = PBXNativeTarget;
			buildConfigurationList = 50582F631E65C41900B18908 /* Build configuration list for PBXNativeTarget "PlayerControls" */;
			buildPhases = (
				50582F561E65C41900B18908 /* Sources */,
				50582F571E65C41900B18908 /* Frameworks */,
				50582F581E65C41900B18908 /* Headers */,
				50582F591E65C41900B18908 /* Resources */,
			);
			buildRules = (
				DACA28EE1F504371001CF764 /* PBXBuildRule */,
			);
			dependencies = (
			);
			name = PlayerControls;
			productName = PlayerControls;
			productReference = 50582F5B1E65C41900B18908 /* PlayerControls.framework */;
			productType = "com.apple.product-type.framework";
		};
		50582F9D1E65D78C00B18908 /* PlayerControlsTests */ = {
			isa = PBXNativeTarget;
			buildConfigurationList = 50582FA61E65D78C00B18908 /* Build configuration list for PBXNativeTarget "PlayerControlsTests" */;
			buildPhases = (
				50582F9A1E65D78C00B18908 /* Sources */,
				50582F9B1E65D78C00B18908 /* Frameworks */,
				50582F9C1E65D78C00B18908 /* Resources */,
			);
			buildRules = (
			);
			dependencies = (
				50582FA51E65D78C00B18908 /* PBXTargetDependency */,
			);
			name = PlayerControlsTests;
			productName = PlayerControlsTests;
			productReference = 50582F9E1E65D78C00B18908 /* PlayerControlsTests.xctest */;
			productType = "com.apple.product-type.bundle.unit-test";
		};
/* End PBXNativeTarget section */

/* Begin PBXProject section */
		50582F521E65C41900B18908 /* Project object */ = {
			isa = PBXProject;
			attributes = {
				LastSwiftUpdateCheck = 0820;
				LastUpgradeCheck = 0940;
				ORGANIZATIONNAME = "Oath Inc.";
				TargetAttributes = {
					50582F5A1E65C41900B18908 = {
						CreatedOnToolsVersion = 8.2.1;
						DevelopmentTeam = 7V23547MMU;
						LastSwiftMigration = 1000;
						ProvisioningStyle = Automatic;
					};
					50582F9D1E65D78C00B18908 = {
						CreatedOnToolsVersion = 8.2.1;
						DevelopmentTeam = 7FCMSU478D;
						LastSwiftMigration = 0940;
						ProvisioningStyle = Automatic;
					};
				};
			};
			buildConfigurationList = 50582F551E65C41900B18908 /* Build configuration list for PBXProject "PlayerControls" */;
			compatibilityVersion = "Xcode 3.2";
			developmentRegion = English;
			hasScannedForEncodings = 0;
			knownRegions = (
				en,
			);
			mainGroup = 50582F511E65C41900B18908;
			productRefGroup = 50582F5C1E65C41900B18908 /* Products */;
			projectDirPath = "";
			projectRoot = "";
			targets = (
				50582F5A1E65C41900B18908 /* PlayerControls */,
				50582F9D1E65D78C00B18908 /* PlayerControlsTests */,
			);
		};
/* End PBXProject section */

/* Begin PBXResourcesBuildPhase section */
		50582F591E65C41900B18908 /* Resources */ = {
			isa = PBXResourcesBuildPhase;
			buildActionMask = 2147483647;
			files = (
				50A5A5B51E6F13A900C15E12 /* PlayerUIControls.xcassets in Resources */,
				50582F821E65CA0F00B18908 /* AdVideoControls.xib in Resources */,
				50582F7B1E65C93400B18908 /* SeekerControlPlayground.xib in Resources */,
				50582F701E65C64B00B18908 /* DefaultControlsViewController.xib in Resources */,
				DA036B621FB20A5900BD0728 /* AirPlayActiveView.xib in Resources */,
				50F4713D1F5981E800C35AEF /* SettingCell.xib in Resources */,
				50F4715B1F5D764700C35AEF /* SettingHeaderView.xib in Resources */,
				50F471371F59590B00C35AEF /* SettingsViewController.xib in Resources */,
			);
			runOnlyForDeploymentPostprocessing = 0;
		};
		50582F9C1E65D78C00B18908 /* Resources */ = {
			isa = PBXResourcesBuildPhase;
			buildActionMask = 2147483647;
			files = (
			);
			runOnlyForDeploymentPostprocessing = 0;
		};
/* End PBXResourcesBuildPhase section */

/* Begin PBXSourcesBuildPhase section */
		50582F561E65C41900B18908 /* Sources */ = {
			isa = PBXSourcesBuildPhase;
			buildActionMask = 2147483647;
			files = (
				50582F811E65CA0F00B18908 /* AdVideoControls.swift in Sources */,
				50582F6E1E65C64B00B18908 /* ContentControlsViewController.swift in Sources */,
				0696270D1FD188A50098494A /* Command.swift in Sources */,
				A66D2361206E85DE00566149 /* Autogeneratable.swift in Sources */,
				50582F7E1E65C96100B18908 /* SeekGestureRecognizer.swift in Sources */,
				06536931202320C100F65305 /* AnimationDelegate.swift in Sources */,
				4222DD61204F0F180008E763 /* Props+Autogeneratable.swift in Sources */,
				50582F8C1E65CBE600B18908 /* Timer.swift in Sources */,
				50F471591F5D763500C35AEF /* SettingHeaderView.swift in Sources */,
				50582F861E65CA5F00B18908 /* TimeFormatter.swift in Sources */,
				50582F6F1E65C64B00B18908 /* DefaultControlsViewController.swift in Sources */,
				427DA9131FFBA1E700698438 /* Defaultable.swift in Sources */,
				50582F741E65C79D00B18908 /* Utils.swift in Sources */,
				DA070BB11F8B776A007F407D /* AirPlayView.swift in Sources */,
				50582F771E65C8CC00B18908 /* SideBarView.swift in Sources */,
				06EE6C8F21CAB688005A8329 /* LoadingImageView.swift in Sources */,
				50F4713B1F5980A000C35AEF /* SettingCell.swift in Sources */,
				50582F8A1E65CBE600B18908 /* ControlsVisibilityController.swift in Sources */,
				DA036B641FB20BBB00BD0728 /* AirPlayActiveView.swift in Sources */,
				429C3D341FFBA54200B72272 /* Color.swift in Sources */,
				50F471351F5958E900C35AEF /* SettingsViewController.swift in Sources */,
				50582F6C1E65C64B00B18908 /* ContentControlsUIProps.swift in Sources */,
				50582F7C1E65C93400B18908 /* SeekerControlView.swift in Sources */,
				A66D238E2072064700566149 /* Codable.stencil in Sources */,
				A66D238D2072064700566149 /* EnumPrism.stencil in Sources */,
			);
			runOnlyForDeploymentPostprocessing = 0;
		};
		50582F9A1E65D78C00B18908 /* Sources */ = {
			isa = PBXSourcesBuildPhase;
			buildActionMask = 2147483647;
			files = (
				50582FAB1E65DC1600B18908 /* SideBarViewTests.swift in Sources */,
				50582FAA1E65DC1600B18908 /* FormatterTests.swift in Sources */,
				50582FA91E65DC1600B18908 /* ControlsVisibilityControllerTests.swift in Sources */,
				50582FB21E65DEF800B18908 /* Recorder.swift in Sources */,
			);
			runOnlyForDeploymentPostprocessing = 0;
		};
/* End PBXSourcesBuildPhase section */

/* Begin PBXTargetDependency section */
		50582FA51E65D78C00B18908 /* PBXTargetDependency */ = {
			isa = PBXTargetDependency;
			target = 50582F5A1E65C41900B18908 /* PlayerControls */;
			targetProxy = 50582FA41E65D78C00B18908 /* PBXContainerItemProxy */;
		};
/* End PBXTargetDependency section */

/* Begin XCBuildConfiguration section */
		50582F611E65C41900B18908 /* Debug */ = {
			isa = XCBuildConfiguration;
			buildSettings = {
				ALWAYS_SEARCH_USER_PATHS = NO;
				CLANG_ANALYZER_NONNULL = YES;
				CLANG_CXX_LANGUAGE_STANDARD = "gnu++0x";
				CLANG_CXX_LIBRARY = "libc++";
				CLANG_ENABLE_MODULES = YES;
				CLANG_ENABLE_OBJC_ARC = YES;
				CLANG_WARN_BLOCK_CAPTURE_AUTORELEASING = YES;
				CLANG_WARN_BOOL_CONVERSION = YES;
				CLANG_WARN_COMMA = YES;
				CLANG_WARN_CONSTANT_CONVERSION = YES;
				CLANG_WARN_DEPRECATED_OBJC_IMPLEMENTATIONS = YES;
				CLANG_WARN_DIRECT_OBJC_ISA_USAGE = YES_ERROR;
				CLANG_WARN_DOCUMENTATION_COMMENTS = YES;
				CLANG_WARN_EMPTY_BODY = YES;
				CLANG_WARN_ENUM_CONVERSION = YES;
				CLANG_WARN_INFINITE_RECURSION = YES;
				CLANG_WARN_INT_CONVERSION = YES;
				CLANG_WARN_NON_LITERAL_NULL_CONVERSION = YES;
				CLANG_WARN_OBJC_IMPLICIT_RETAIN_SELF = YES;
				CLANG_WARN_OBJC_LITERAL_CONVERSION = YES;
				CLANG_WARN_OBJC_ROOT_CLASS = YES_ERROR;
				CLANG_WARN_RANGE_LOOP_ANALYSIS = YES;
				CLANG_WARN_STRICT_PROTOTYPES = YES;
				CLANG_WARN_SUSPICIOUS_MOVE = YES;
				CLANG_WARN_UNREACHABLE_CODE = YES;
				CLANG_WARN__DUPLICATE_METHOD_MATCH = YES;
				"CODE_SIGN_IDENTITY[sdk=iphoneos*]" = "iPhone Developer";
				COPY_PHASE_STRIP = NO;
				CURRENT_PROJECT_VERSION = 1;
				DEBUG_INFORMATION_FORMAT = dwarf;
				ENABLE_STRICT_OBJC_MSGSEND = YES;
				ENABLE_TESTABILITY = YES;
				GCC_C_LANGUAGE_STANDARD = gnu99;
				GCC_DYNAMIC_NO_PIC = NO;
				GCC_NO_COMMON_BLOCKS = YES;
				GCC_OPTIMIZATION_LEVEL = 0;
				GCC_PREPROCESSOR_DEFINITIONS = (
					"DEBUG=1",
					"$(inherited)",
				);
				GCC_WARN_64_TO_32_BIT_CONVERSION = YES;
				GCC_WARN_ABOUT_RETURN_TYPE = YES_ERROR;
				GCC_WARN_UNDECLARED_SELECTOR = YES;
				GCC_WARN_UNINITIALIZED_AUTOS = YES_AGGRESSIVE;
				GCC_WARN_UNUSED_FUNCTION = YES;
				GCC_WARN_UNUSED_VARIABLE = YES;
				IPHONEOS_DEPLOYMENT_TARGET = 9.0;
				MTL_ENABLE_DEBUG_INFO = YES;
				ONLY_ACTIVE_ARCH = YES;
				SDKROOT = iphoneos;
				SWIFT_ACTIVE_COMPILATION_CONDITIONS = DEBUG;
				SWIFT_OPTIMIZATION_LEVEL = "-Onone";
				TARGETED_DEVICE_FAMILY = "1,2";
				VERSIONING_SYSTEM = "apple-generic";
				VERSION_INFO_PREFIX = "";
			};
			name = Debug;
		};
		50582F621E65C41900B18908 /* Release */ = {
			isa = XCBuildConfiguration;
			buildSettings = {
				ALWAYS_SEARCH_USER_PATHS = NO;
				CLANG_ANALYZER_NONNULL = YES;
				CLANG_CXX_LANGUAGE_STANDARD = "gnu++0x";
				CLANG_CXX_LIBRARY = "libc++";
				CLANG_ENABLE_MODULES = YES;
				CLANG_ENABLE_OBJC_ARC = YES;
				CLANG_WARN_BLOCK_CAPTURE_AUTORELEASING = YES;
				CLANG_WARN_BOOL_CONVERSION = YES;
				CLANG_WARN_COMMA = YES;
				CLANG_WARN_CONSTANT_CONVERSION = YES;
				CLANG_WARN_DEPRECATED_OBJC_IMPLEMENTATIONS = YES;
				CLANG_WARN_DIRECT_OBJC_ISA_USAGE = YES_ERROR;
				CLANG_WARN_DOCUMENTATION_COMMENTS = YES;
				CLANG_WARN_EMPTY_BODY = YES;
				CLANG_WARN_ENUM_CONVERSION = YES;
				CLANG_WARN_INFINITE_RECURSION = YES;
				CLANG_WARN_INT_CONVERSION = YES;
				CLANG_WARN_NON_LITERAL_NULL_CONVERSION = YES;
				CLANG_WARN_OBJC_IMPLICIT_RETAIN_SELF = YES;
				CLANG_WARN_OBJC_LITERAL_CONVERSION = YES;
				CLANG_WARN_OBJC_ROOT_CLASS = YES_ERROR;
				CLANG_WARN_RANGE_LOOP_ANALYSIS = YES;
				CLANG_WARN_STRICT_PROTOTYPES = YES;
				CLANG_WARN_SUSPICIOUS_MOVE = YES;
				CLANG_WARN_UNREACHABLE_CODE = YES;
				CLANG_WARN__DUPLICATE_METHOD_MATCH = YES;
				"CODE_SIGN_IDENTITY[sdk=iphoneos*]" = "iPhone Developer";
				COPY_PHASE_STRIP = NO;
				CURRENT_PROJECT_VERSION = 1;
				DEBUG_INFORMATION_FORMAT = "dwarf-with-dsym";
				ENABLE_NS_ASSERTIONS = NO;
				ENABLE_STRICT_OBJC_MSGSEND = YES;
				GCC_C_LANGUAGE_STANDARD = gnu99;
				GCC_NO_COMMON_BLOCKS = YES;
				GCC_WARN_64_TO_32_BIT_CONVERSION = YES;
				GCC_WARN_ABOUT_RETURN_TYPE = YES_ERROR;
				GCC_WARN_UNDECLARED_SELECTOR = YES;
				GCC_WARN_UNINITIALIZED_AUTOS = YES_AGGRESSIVE;
				GCC_WARN_UNUSED_FUNCTION = YES;
				GCC_WARN_UNUSED_VARIABLE = YES;
				IPHONEOS_DEPLOYMENT_TARGET = 9.0;
				MTL_ENABLE_DEBUG_INFO = NO;
				SDKROOT = iphoneos;
				SWIFT_OPTIMIZATION_LEVEL = "-Owholemodule";
				TARGETED_DEVICE_FAMILY = "1,2";
				VALIDATE_PRODUCT = YES;
				VERSIONING_SYSTEM = "apple-generic";
				VERSION_INFO_PREFIX = "";
			};
			name = Release;
		};
		50582F641E65C41900B18908 /* Debug */ = {
			isa = XCBuildConfiguration;
			buildSettings = {
				CODE_SIGN_IDENTITY = "";
				DEFINES_MODULE = YES;
				DEVELOPMENT_TEAM = 7V23547MMU;
				DYLIB_COMPATIBILITY_VERSION = 1;
				DYLIB_CURRENT_VERSION = 1;
				DYLIB_INSTALL_NAME_BASE = "@rpath";
				INFOPLIST_FILE = "$(SRCROOT)/Info.plist";
				INSTALL_PATH = "$(LOCAL_LIBRARY_DIR)/Frameworks";
				LD_RUNPATH_SEARCH_PATHS = "$(inherited) @executable_path/Frameworks @loader_path/Frameworks";
				PRODUCT_BUNDLE_IDENTIFIER = com.aol.one.PlayerControls;
				PRODUCT_NAME = "$(TARGET_NAME)";
				SKIP_INSTALL = YES;
				SWIFT_VERSION = 4.2;
			};
			name = Debug;
		};
		50582F651E65C41900B18908 /* Release */ = {
			isa = XCBuildConfiguration;
			buildSettings = {
				CODE_SIGN_IDENTITY = "";
				DEFINES_MODULE = YES;
				DEVELOPMENT_TEAM = 7V23547MMU;
				DYLIB_COMPATIBILITY_VERSION = 1;
				DYLIB_CURRENT_VERSION = 1;
				DYLIB_INSTALL_NAME_BASE = "@rpath";
				INFOPLIST_FILE = "$(SRCROOT)/Info.plist";
				INSTALL_PATH = "$(LOCAL_LIBRARY_DIR)/Frameworks";
				LD_RUNPATH_SEARCH_PATHS = "$(inherited) @executable_path/Frameworks @loader_path/Frameworks";
				PRODUCT_BUNDLE_IDENTIFIER = com.aol.one.PlayerControls;
				PRODUCT_NAME = "$(TARGET_NAME)";
				SKIP_INSTALL = YES;
				SWIFT_VERSION = 4.2;
			};
			name = Release;
		};
		50582FA71E65D78C00B18908 /* Debug */ = {
			isa = XCBuildConfiguration;
			buildSettings = {
				DEVELOPMENT_TEAM = 7FCMSU478D;
				FRAMEWORK_SEARCH_PATHS = "$(inherited)";
				INFOPLIST_FILE = tests/Info.plist;
				LD_RUNPATH_SEARCH_PATHS = "$(inherited) @executable_path/Frameworks @loader_path/Frameworks";
				PRODUCT_BUNDLE_IDENTIFIER = com.aol.one.PlayerControlsTests;
				PRODUCT_NAME = "$(TARGET_NAME)";
				SWIFT_VERSION = 4.0;
			};
			name = Debug;
		};
		50582FA81E65D78C00B18908 /* Release */ = {
			isa = XCBuildConfiguration;
			buildSettings = {
				DEVELOPMENT_TEAM = 7FCMSU478D;
				FRAMEWORK_SEARCH_PATHS = "$(inherited)";
				INFOPLIST_FILE = tests/Info.plist;
				LD_RUNPATH_SEARCH_PATHS = "$(inherited) @executable_path/Frameworks @loader_path/Frameworks";
				PRODUCT_BUNDLE_IDENTIFIER = com.aol.one.PlayerControlsTests;
				PRODUCT_NAME = "$(TARGET_NAME)";
				SWIFT_VERSION = 4.0;
			};
			name = Release;
		};
/* End XCBuildConfiguration section */

/* Begin XCConfigurationList section */
		50582F551E65C41900B18908 /* Build configuration list for PBXProject "PlayerControls" */ = {
			isa = XCConfigurationList;
			buildConfigurations = (
				50582F611E65C41900B18908 /* Debug */,
				50582F621E65C41900B18908 /* Release */,
			);
			defaultConfigurationIsVisible = 0;
			defaultConfigurationName = Release;
		};
		50582F631E65C41900B18908 /* Build configuration list for PBXNativeTarget "PlayerControls" */ = {
			isa = XCConfigurationList;
			buildConfigurations = (
				50582F641E65C41900B18908 /* Debug */,
				50582F651E65C41900B18908 /* Release */,
			);
			defaultConfigurationIsVisible = 0;
			defaultConfigurationName = Release;
		};
		50582FA61E65D78C00B18908 /* Build configuration list for PBXNativeTarget "PlayerControlsTests" */ = {
			isa = XCConfigurationList;
			buildConfigurations = (
				50582FA71E65D78C00B18908 /* Debug */,
				50582FA81E65D78C00B18908 /* Release */,
			);
			defaultConfigurationIsVisible = 0;
			defaultConfigurationName = Release;
		};
/* End XCConfigurationList section */
	};
	rootObject = 50582F521E65C41900B18908 /* Project object */;
}
